
Microsoft Visual Studio Solution File, Format Version 12.00
# Visual Studio 15
VisualStudioVersion = 15.0.26124.0
MinimumVisualStudioVersion = 15.0.26124.0
Project("{9A19103F-16F7-4668-BE54-9A1E7A4F7556}") = "ContaCorrente", "ContaCorrente\ContaCorrente.csproj", "{1FB15842-4065-4741-A5EC-234BFD83CB6C}"
EndProject
Project("{9A19103F-16F7-4668-BE54-9A1E7A4F7556}") = "ContaCorrente.Contracts", "ContaCorrente.Contracts\ContaCorrente.Contracts.csproj", "{89C4B33D-57C4-49BD-A3EA-0BCDDD335FEE}"
EndProject
Project("{FAE04EC0-301F-11D3-BF4B-00C04F79EFBC}") = "Exemplo.UI", "Exemplo.UI\Exemplo.UI.csproj", "{3105E864-C755-44E7-93DD-E6FB26E67B73}"
EndProject
Global
	GlobalSection(SolutionConfigurationPlatforms) = preSolution
		Debug|Any CPU = Debug|Any CPU
		Debug|x64 = Debug|x64
		Debug|x86 = Debug|x86
		Release|Any CPU = Release|Any CPU
		Release|x64 = Release|x64
		Release|x86 = Release|x86
	EndGlobalSection
	GlobalSection(ProjectConfigurationPlatforms) = postSolution
		{1FB15842-4065-4741-A5EC-234BFD83CB6C}.Debug|Any CPU.ActiveCfg = Debug|Any CPU
		{1FB15842-4065-4741-A5EC-234BFD83CB6C}.Debug|Any CPU.Build.0 = Debug|Any CPU
		{1FB15842-4065-4741-A5EC-234BFD83CB6C}.Debug|x64.ActiveCfg = Debug|Any CPU
		{1FB15842-4065-4741-A5EC-234BFD83CB6C}.Debug|x64.Build.0 = Debug|Any CPU
		{1FB15842-4065-4741-A5EC-234BFD83CB6C}.Debug|x86.ActiveCfg = Debug|Any CPU
		{1FB15842-4065-4741-A5EC-234BFD83CB6C}.Debug|x86.Build.0 = Debug|Any CPU
		{1FB15842-4065-4741-A5EC-234BFD83CB6C}.Release|Any CPU.ActiveCfg = Release|Any CPU
		{1FB15842-4065-4741-A5EC-234BFD83CB6C}.Release|Any CPU.Build.0 = Release|Any CPU
		{1FB15842-4065-4741-A5EC-234BFD83CB6C}.Release|x64.ActiveCfg = Release|Any CPU
		{1FB15842-4065-4741-A5EC-234BFD83CB6C}.Release|x64.Build.0 = Release|Any CPU
		{1FB15842-4065-4741-A5EC-234BFD83CB6C}.Release|x86.ActiveCfg = Release|Any CPU
		{1FB15842-4065-4741-A5EC-234BFD83CB6C}.Release|x86.Build.0 = Release|Any CPU
		{89C4B33D-57C4-49BD-A3EA-0BCDDD335FEE}.Debug|Any CPU.ActiveCfg = Debug|Any CPU
		{89C4B33D-57C4-49BD-A3EA-0BCDDD335FEE}.Debug|Any CPU.Build.0 = Debug|Any CPU
		{89C4B33D-57C4-49BD-A3EA-0BCDDD335FEE}.Debug|x64.ActiveCfg = Debug|Any CPU
		{89C4B33D-57C4-49BD-A3EA-0BCDDD335FEE}.Debug|x64.Build.0 = Debug|Any CPU
		{89C4B33D-57C4-49BD-A3EA-0BCDDD335FEE}.Debug|x86.ActiveCfg = Debug|Any CPU
		{89C4B33D-57C4-49BD-A3EA-0BCDDD335FEE}.Debug|x86.Build.0 = Debug|Any CPU
		{89C4B33D-57C4-49BD-A3EA-0BCDDD335FEE}.Release|Any CPU.ActiveCfg = Release|Any CPU
		{89C4B33D-57C4-49BD-A3EA-0BCDDD335FEE}.Release|Any CPU.Build.0 = Release|Any CPU
		{89C4B33D-57C4-49BD-A3EA-0BCDDD335FEE}.Release|x64.ActiveCfg = Release|Any CPU
		{89C4B33D-57C4-49BD-A3EA-0BCDDD335FEE}.Release|x64.Build.0 = Release|Any CPU
		{89C4B33D-57C4-49BD-A3EA-0BCDDD335FEE}.Release|x86.ActiveCfg = Release|Any CPU
		{89C4B33D-57C4-49BD-A3EA-0BCDDD335FEE}.Release|x86.Build.0 = Release|Any CPU
		{3105E864-C755-44E7-93DD-E6FB26E67B73}.Debug|Any CPU.ActiveCfg = Debug|Any CPU
		{3105E864-C755-44E7-93DD-E6FB26E67B73}.Debug|Any CPU.Build.0 = Debug|Any CPU
		{3105E864-C755-44E7-93DD-E6FB26E67B73}.Debug|x64.ActiveCfg = Debug|Any CPU
		{3105E864-C755-44E7-93DD-E6FB26E67B73}.Debug|x64.Build.0 = Debug|Any CPU
		{3105E864-C755-44E7-93DD-E6FB26E67B73}.Debug|x86.ActiveCfg = Debug|Any CPU
		{3105E864-C755-44E7-93DD-E6FB26E67B73}.Debug|x86.Build.0 = Debug|Any CPU
		{3105E864-C755-44E7-93DD-E6FB26E67B73}.Release|Any CPU.ActiveCfg = Release|Any CPU
		{3105E864-C755-44E7-93DD-E6FB26E67B73}.Release|Any CPU.Build.0 = Release|Any CPU
		{3105E864-C755-44E7-93DD-E6FB26E67B73}.Release|x64.ActiveCfg = Release|Any CPU
		{3105E864-C755-44E7-93DD-E6FB26E67B73}.Release|x64.Build.0 = Release|Any CPU
		{3105E864-C755-44E7-93DD-E6FB26E67B73}.Release|x86.ActiveCfg = Release|Any CPU
		{3105E864-C755-44E7-93DD-E6FB26E67B73}.Release|x86.Build.0 = Release|Any CPU
	EndGlobalSection
	GlobalSection(SolutionProperties) = preSolution
		HideSolutionNode = FALSE
	EndGlobalSection
	GlobalSection(ExtensibilityGlobals) = postSolution
		SolutionGuid = {FD5C574B-FC60-4281-BD31-08F409058F24}
	EndGlobalSection
EndGlobal
