
Microsoft Visual Studio Solution File, Format Version 12.00
# Visual Studio 15
VisualStudioVersion = 15.0.26124.0
MinimumVisualStudioVersion = 15.0.26124.0
Project("{9A19103F-16F7-4668-BE54-9A1E7A4F7556}") = "ContaCorrente", "ContaCorrente\ContaCorrente.csproj", "{B6BEC480-349F-4326-B399-B8D881E5D45D}"
EndProject
Project("{9A19103F-16F7-4668-BE54-9A1E7A4F7556}") = "ContaCorrente.Contracts", "ContaCorrente.Contracts\ContaCorrente.Contracts.csproj", "{A9BE043C-A4B7-4244-81A7-07BDBAE5A014}"
EndProject
Project("{9A19103F-16F7-4668-BE54-9A1E7A4F7556}") = "SPB", "SPB\SPB.csproj", "{D5251D4A-7DD1-4EC8-A238-4D4CB7216FF0}"
EndProject
Project("{9A19103F-16F7-4668-BE54-9A1E7A4F7556}") = "SPB.Contracts", "SPB.Contracts\SPB.Contracts.csproj", "{42CA10CC-0B6E-4A58-8939-AA9F2C7F7E77}"
EndProject
Project("{2150E333-8FDC-42A3-9474-1A3956D46DE8}") = "CC", "CC", "{A55B6749-B63E-48A0-AC93-A30A17F6AC9F}"
EndProject
Project("{2150E333-8FDC-42A3-9474-1A3956D46DE8}") = "SPB_", "SPB_", "{50CCA0BD-EBED-405C-97E3-807ED577D28E}"
EndProject
Project("{9A19103F-16F7-4668-BE54-9A1E7A4F7556}") = "Exemplo.UI", "Exemplo.UI\Exemplo.UI.csproj", "{2232BFF5-684E-4BEB-BC77-4C3DAA5EC9F0}"
EndProject
Global
	GlobalSection(SolutionConfigurationPlatforms) = preSolution
		Debug|Any CPU = Debug|Any CPU
		Debug|x64 = Debug|x64
		Debug|x86 = Debug|x86
		Release|Any CPU = Release|Any CPU
		Release|x64 = Release|x64
		Release|x86 = Release|x86
	EndGlobalSection
	GlobalSection(ProjectConfigurationPlatforms) = postSolution
		{B6BEC480-349F-4326-B399-B8D881E5D45D}.Debug|Any CPU.ActiveCfg = Debug|Any CPU
		{B6BEC480-349F-4326-B399-B8D881E5D45D}.Debug|Any CPU.Build.0 = Debug|Any CPU
		{B6BEC480-349F-4326-B399-B8D881E5D45D}.Debug|x64.ActiveCfg = Debug|Any CPU
		{B6BEC480-349F-4326-B399-B8D881E5D45D}.Debug|x64.Build.0 = Debug|Any CPU
		{B6BEC480-349F-4326-B399-B8D881E5D45D}.Debug|x86.ActiveCfg = Debug|Any CPU
		{B6BEC480-349F-4326-B399-B8D881E5D45D}.Debug|x86.Build.0 = Debug|Any CPU
		{B6BEC480-349F-4326-B399-B8D881E5D45D}.Release|Any CPU.ActiveCfg = Release|Any CPU
		{B6BEC480-349F-4326-B399-B8D881E5D45D}.Release|Any CPU.Build.0 = Release|Any CPU
		{B6BEC480-349F-4326-B399-B8D881E5D45D}.Release|x64.ActiveCfg = Release|Any CPU
		{B6BEC480-349F-4326-B399-B8D881E5D45D}.Release|x64.Build.0 = Release|Any CPU
		{B6BEC480-349F-4326-B399-B8D881E5D45D}.Release|x86.ActiveCfg = Release|Any CPU
		{B6BEC480-349F-4326-B399-B8D881E5D45D}.Release|x86.Build.0 = Release|Any CPU
		{A9BE043C-A4B7-4244-81A7-07BDBAE5A014}.Debug|Any CPU.ActiveCfg = Debug|Any CPU
		{A9BE043C-A4B7-4244-81A7-07BDBAE5A014}.Debug|Any CPU.Build.0 = Debug|Any CPU
		{A9BE043C-A4B7-4244-81A7-07BDBAE5A014}.Debug|x64.ActiveCfg = Debug|Any CPU
		{A9BE043C-A4B7-4244-81A7-07BDBAE5A014}.Debug|x64.Build.0 = Debug|Any CPU
		{A9BE043C-A4B7-4244-81A7-07BDBAE5A014}.Debug|x86.ActiveCfg = Debug|Any CPU
		{A9BE043C-A4B7-4244-81A7-07BDBAE5A014}.Debug|x86.Build.0 = Debug|Any CPU
		{A9BE043C-A4B7-4244-81A7-07BDBAE5A014}.Release|Any CPU.ActiveCfg = Release|Any CPU
		{A9BE043C-A4B7-4244-81A7-07BDBAE5A014}.Release|Any CPU.Build.0 = Release|Any CPU
		{A9BE043C-A4B7-4244-81A7-07BDBAE5A014}.Release|x64.ActiveCfg = Release|Any CPU
		{A9BE043C-A4B7-4244-81A7-07BDBAE5A014}.Release|x64.Build.0 = Release|Any CPU
		{A9BE043C-A4B7-4244-81A7-07BDBAE5A014}.Release|x86.ActiveCfg = Release|Any CPU
		{A9BE043C-A4B7-4244-81A7-07BDBAE5A014}.Release|x86.Build.0 = Release|Any CPU
		{D5251D4A-7DD1-4EC8-A238-4D4CB7216FF0}.Debug|Any CPU.ActiveCfg = Debug|Any CPU
		{D5251D4A-7DD1-4EC8-A238-4D4CB7216FF0}.Debug|Any CPU.Build.0 = Debug|Any CPU
		{D5251D4A-7DD1-4EC8-A238-4D4CB7216FF0}.Debug|x64.ActiveCfg = Debug|Any CPU
		{D5251D4A-7DD1-4EC8-A238-4D4CB7216FF0}.Debug|x64.Build.0 = Debug|Any CPU
		{D5251D4A-7DD1-4EC8-A238-4D4CB7216FF0}.Debug|x86.ActiveCfg = Debug|Any CPU
		{D5251D4A-7DD1-4EC8-A238-4D4CB7216FF0}.Debug|x86.Build.0 = Debug|Any CPU
		{D5251D4A-7DD1-4EC8-A238-4D4CB7216FF0}.Release|Any CPU.ActiveCfg = Release|Any CPU
		{D5251D4A-7DD1-4EC8-A238-4D4CB7216FF0}.Release|Any CPU.Build.0 = Release|Any CPU
		{D5251D4A-7DD1-4EC8-A238-4D4CB7216FF0}.Release|x64.ActiveCfg = Release|Any CPU
		{D5251D4A-7DD1-4EC8-A238-4D4CB7216FF0}.Release|x64.Build.0 = Release|Any CPU
		{D5251D4A-7DD1-4EC8-A238-4D4CB7216FF0}.Release|x86.ActiveCfg = Release|Any CPU
		{D5251D4A-7DD1-4EC8-A238-4D4CB7216FF0}.Release|x86.Build.0 = Release|Any CPU
		{42CA10CC-0B6E-4A58-8939-AA9F2C7F7E77}.Debug|Any CPU.ActiveCfg = Debug|Any CPU
		{42CA10CC-0B6E-4A58-8939-AA9F2C7F7E77}.Debug|Any CPU.Build.0 = Debug|Any CPU
		{42CA10CC-0B6E-4A58-8939-AA9F2C7F7E77}.Debug|x64.ActiveCfg = Debug|Any CPU
		{42CA10CC-0B6E-4A58-8939-AA9F2C7F7E77}.Debug|x64.Build.0 = Debug|Any CPU
		{42CA10CC-0B6E-4A58-8939-AA9F2C7F7E77}.Debug|x86.ActiveCfg = Debug|Any CPU
		{42CA10CC-0B6E-4A58-8939-AA9F2C7F7E77}.Debug|x86.Build.0 = Debug|Any CPU
		{42CA10CC-0B6E-4A58-8939-AA9F2C7F7E77}.Release|Any CPU.ActiveCfg = Release|Any CPU
		{42CA10CC-0B6E-4A58-8939-AA9F2C7F7E77}.Release|Any CPU.Build.0 = Release|Any CPU
		{42CA10CC-0B6E-4A58-8939-AA9F2C7F7E77}.Release|x64.ActiveCfg = Release|Any CPU
		{42CA10CC-0B6E-4A58-8939-AA9F2C7F7E77}.Release|x64.Build.0 = Release|Any CPU
		{42CA10CC-0B6E-4A58-8939-AA9F2C7F7E77}.Release|x86.ActiveCfg = Release|Any CPU
		{42CA10CC-0B6E-4A58-8939-AA9F2C7F7E77}.Release|x86.Build.0 = Release|Any CPU
		{2232BFF5-684E-4BEB-BC77-4C3DAA5EC9F0}.Debug|Any CPU.ActiveCfg = Debug|Any CPU
		{2232BFF5-684E-4BEB-BC77-4C3DAA5EC9F0}.Debug|Any CPU.Build.0 = Debug|Any CPU
		{2232BFF5-684E-4BEB-BC77-4C3DAA5EC9F0}.Debug|x64.ActiveCfg = Debug|Any CPU
		{2232BFF5-684E-4BEB-BC77-4C3DAA5EC9F0}.Debug|x64.Build.0 = Debug|Any CPU
		{2232BFF5-684E-4BEB-BC77-4C3DAA5EC9F0}.Debug|x86.ActiveCfg = Debug|Any CPU
		{2232BFF5-684E-4BEB-BC77-4C3DAA5EC9F0}.Debug|x86.Build.0 = Debug|Any CPU
		{2232BFF5-684E-4BEB-BC77-4C3DAA5EC9F0}.Release|Any CPU.ActiveCfg = Release|Any CPU
		{2232BFF5-684E-4BEB-BC77-4C3DAA5EC9F0}.Release|Any CPU.Build.0 = Release|Any CPU
		{2232BFF5-684E-4BEB-BC77-4C3DAA5EC9F0}.Release|x64.ActiveCfg = Release|Any CPU
		{2232BFF5-684E-4BEB-BC77-4C3DAA5EC9F0}.Release|x64.Build.0 = Release|Any CPU
		{2232BFF5-684E-4BEB-BC77-4C3DAA5EC9F0}.Release|x86.ActiveCfg = Release|Any CPU
		{2232BFF5-684E-4BEB-BC77-4C3DAA5EC9F0}.Release|x86.Build.0 = Release|Any CPU
	EndGlobalSection
	GlobalSection(SolutionProperties) = preSolution
		HideSolutionNode = FALSE
	EndGlobalSection
	GlobalSection(NestedProjects) = preSolution
		{B6BEC480-349F-4326-B399-B8D881E5D45D} = {A55B6749-B63E-48A0-AC93-A30A17F6AC9F}
		{A9BE043C-A4B7-4244-81A7-07BDBAE5A014} = {A55B6749-B63E-48A0-AC93-A30A17F6AC9F}
		{D5251D4A-7DD1-4EC8-A238-4D4CB7216FF0} = {50CCA0BD-EBED-405C-97E3-807ED577D28E}
		{42CA10CC-0B6E-4A58-8939-AA9F2C7F7E77} = {50CCA0BD-EBED-405C-97E3-807ED577D28E}
	EndGlobalSection
	GlobalSection(ExtensibilityGlobals) = postSolution
		SolutionGuid = {1AB0DC8F-AA1B-48C1-B947-FBE0C7CD0E58}
	EndGlobalSection
EndGlobal
